
Microsoft Visual Studio Solution File, Format Version 12.00
# Visual Studio Version 16
VisualStudioVersion = 16.0.29409.12
MinimumVisualStudioVersion = 15.0.26124.0
Project("{2150E333-8FDC-42A3-9474-1A3956D46DE8}") = "Shared", "Shared", "{F722669A-EB29-4464-8B1D-F8A4DE3CD317}"
EndProject
Project("{9A19103F-16F7-4668-BE54-9A1E7A4F7556}") = "Grpc.Dotnet.Shared.Helpers", "Shared\Helpers\Grpc.Dotnet.Shared.Helpers.csproj", "{C50B744F-8987-4AC3-BC35-8DE5E1704D57}"
EndProject
Project("{2150E333-8FDC-42A3-9474-1A3956D46DE8}") = "Tests", "Tests", "{965C7650-C43E-4BAA-95EA-D3720B0BDA53}"
EndProject
Project("{9A19103F-16F7-4668-BE54-9A1E7A4F7556}") = "Grpc.Dotnet.Shared.UnitTests", "Shared\Tests\UnitTests\Grpc.Dotnet.Shared.UnitTests.csproj", "{58F13D3E-82A3-4CB4-8D94-6325D8314A49}"
EndProject
Project("{9A19103F-16F7-4668-BE54-9A1E7A4F7556}") = "Grpc.Dotnet.Shared.IntegrationTests", "Shared\Tests\IntegrationTests\Grpc.Dotnet.Shared.IntegrationTests.csproj", "{BE16905F-8A0A-40AF-A1F5-511E507CEA95}"
EndProject
Project("{2150E333-8FDC-42A3-9474-1A3956D46DE8}") = "Notifications", "Notifications", "{A7BD686B-FCAE-4C99-8B47-76A8F2651704}"
EndProject
Project("{2150E333-8FDC-42A3-9474-1A3956D46DE8}") = "Permissions", "Permissions", "{15E6090D-90AA-4BC5-8882-1286E42B5D86}"
EndProject
Project("{9A19103F-16F7-4668-BE54-9A1E7A4F7556}") = "Grpc.Dotnet.Permissions.RpcApi", "Permissions\Grpc.Dotnet.Permissions.RpcApi\Grpc.Dotnet.Permissions.RpcApi.csproj", "{5FC9C003-F773-4DF4-9A83-8903F95535DA}"
EndProject
Project("{2150E333-8FDC-42A3-9474-1A3956D46DE8}") = "Todos", "Todos", "{C64D1E5D-0223-4A15-97C7-80EB50271400}"
EndProject
Project("{9A19103F-16F7-4668-BE54-9A1E7A4F7556}") = "Grpc.Dotnet.Todos.Domain", "Todos\Grpc.Dotnet.Todos.Domain\Grpc.Dotnet.Todos.Domain.csproj", "{1A5F2916-2DF5-4D86-AE2A-914AF7677136}"
EndProject
Project("{9A19103F-16F7-4668-BE54-9A1E7A4F7556}") = "Grpc.Dotnet.Todos.Api", "Todos\Grpc.Dotnet.Todos.Api\Grpc.Dotnet.Todos.Api.csproj", "{3BCEF277-A497-4D1A-BA34-2A00DDCF9731}"
EndProject
Project("{9A19103F-16F7-4668-BE54-9A1E7A4F7556}") = "Grpc.Dotnet.Todos.RpcApi", "Todos\Grpc.Dotnet.Todos.RpcApi\Grpc.Dotnet.Todos.RpcApi.csproj", "{44A44D42-58AC-4E9F-897F-3B71B4DD4ED2}"
EndProject
Project("{9A19103F-16F7-4668-BE54-9A1E7A4F7556}") = "Grpc.Dotnet.Todos.Server", "Todos\Grpc.Dotnet.Todos.Server\Grpc.Dotnet.Todos.Server.csproj", "{2F87BA7E-723F-40B1-9B3A-5525DA6ECC6C}"
EndProject
Project("{2150E333-8FDC-42A3-9474-1A3956D46DE8}") = "Tests", "Tests", "{6C32D82C-D4EA-4A8F-BBCA-E7F2D812DDE5}"
EndProject
Project("{9A19103F-16F7-4668-BE54-9A1E7A4F7556}") = "Grpc.Dotnet.Todos.Api.IntegrationTests", "Todos\Tests\Grpc.Dotnet.Todos.Api.IntegrationTests\Grpc.Dotnet.Todos.Api.IntegrationTests.csproj", "{AB8A5309-2519-4CC3-85E9-73C7AA4FD588}"
EndProject
Project("{9A19103F-16F7-4668-BE54-9A1E7A4F7556}") = "Grpc.Dotnet.Todos.Domain.UnitTests", "Todos\Tests\Grpc.Dotnet.Todos.Domain.UnitTests\Grpc.Dotnet.Todos.Domain.UnitTests.csproj", "{F7DADD16-869F-475C-AD00-FD1AB23E4641}"
EndProject
Project("{9A19103F-16F7-4668-BE54-9A1E7A4F7556}") = "Grpc.Dotnet.Todos.Server.IntegrationTests", "Todos\Tests\Grpc.Dotnet.Todos.Server.IntegrationTests\Grpc.Dotnet.Todos.Server.IntegrationTests.csproj", "{7608DD8A-FB6E-4E47-89B7-74455764DD3E}"
EndProject
Project("{9A19103F-16F7-4668-BE54-9A1E7A4F7556}") = "Grpc.Dotnet.Notifications.RpcApi", "Notifications\Grpc.Dotnet.Notifications.RpcApi\Grpc.Dotnet.Notifications.RpcApi.csproj", "{CA0C4DC4-C935-4F2E-A921-F43C4C5C776C}"
EndProject
Project("{FAE04EC0-301F-11D3-BF4B-00C04F79EFBC}") = "Grpc.Dotnet.Permissions.Server", "Permissions\Grpc.Dotnet.Permissions.Server\Grpc.Dotnet.Permissions.Server.csproj", "{D6C4991F-947D-4D97-823E-3C8181F3D153}"
EndProject
Project("{FAE04EC0-301F-11D3-BF4B-00C04F79EFBC}") = "Grpc.Dotnet.Notifications.Server", "Notifications\Grpc.Dotnet.Notifications.Server\Grpc.Dotnet.Notifications.Server.csproj", "{CB2D994A-16D0-4905-A1B7-2DE53E4287A8}"
EndProject
Global
	GlobalSection(SolutionConfigurationPlatforms) = preSolution
		Debug|Any CPU = Debug|Any CPU
		Debug|x64 = Debug|x64
		Debug|x86 = Debug|x86
		Release|Any CPU = Release|Any CPU
		Release|x64 = Release|x64
		Release|x86 = Release|x86
	EndGlobalSection
	GlobalSection(ProjectConfigurationPlatforms) = postSolution
		{C50B744F-8987-4AC3-BC35-8DE5E1704D57}.Debug|Any CPU.ActiveCfg = Debug|Any CPU
		{C50B744F-8987-4AC3-BC35-8DE5E1704D57}.Debug|Any CPU.Build.0 = Debug|Any CPU
		{C50B744F-8987-4AC3-BC35-8DE5E1704D57}.Debug|x64.ActiveCfg = Debug|Any CPU
		{C50B744F-8987-4AC3-BC35-8DE5E1704D57}.Debug|x64.Build.0 = Debug|Any CPU
		{C50B744F-8987-4AC3-BC35-8DE5E1704D57}.Debug|x86.ActiveCfg = Debug|Any CPU
		{C50B744F-8987-4AC3-BC35-8DE5E1704D57}.Debug|x86.Build.0 = Debug|Any CPU
		{C50B744F-8987-4AC3-BC35-8DE5E1704D57}.Release|Any CPU.ActiveCfg = Release|Any CPU
		{C50B744F-8987-4AC3-BC35-8DE5E1704D57}.Release|Any CPU.Build.0 = Release|Any CPU
		{C50B744F-8987-4AC3-BC35-8DE5E1704D57}.Release|x64.ActiveCfg = Release|Any CPU
		{C50B744F-8987-4AC3-BC35-8DE5E1704D57}.Release|x64.Build.0 = Release|Any CPU
		{C50B744F-8987-4AC3-BC35-8DE5E1704D57}.Release|x86.ActiveCfg = Release|Any CPU
		{C50B744F-8987-4AC3-BC35-8DE5E1704D57}.Release|x86.Build.0 = Release|Any CPU
		{58F13D3E-82A3-4CB4-8D94-6325D8314A49}.Debug|Any CPU.ActiveCfg = Debug|Any CPU
		{58F13D3E-82A3-4CB4-8D94-6325D8314A49}.Debug|Any CPU.Build.0 = Debug|Any CPU
		{58F13D3E-82A3-4CB4-8D94-6325D8314A49}.Debug|x64.ActiveCfg = Debug|Any CPU
		{58F13D3E-82A3-4CB4-8D94-6325D8314A49}.Debug|x64.Build.0 = Debug|Any CPU
		{58F13D3E-82A3-4CB4-8D94-6325D8314A49}.Debug|x86.ActiveCfg = Debug|Any CPU
		{58F13D3E-82A3-4CB4-8D94-6325D8314A49}.Debug|x86.Build.0 = Debug|Any CPU
		{58F13D3E-82A3-4CB4-8D94-6325D8314A49}.Release|Any CPU.ActiveCfg = Release|Any CPU
		{58F13D3E-82A3-4CB4-8D94-6325D8314A49}.Release|Any CPU.Build.0 = Release|Any CPU
		{58F13D3E-82A3-4CB4-8D94-6325D8314A49}.Release|x64.ActiveCfg = Release|Any CPU
		{58F13D3E-82A3-4CB4-8D94-6325D8314A49}.Release|x64.Build.0 = Release|Any CPU
		{58F13D3E-82A3-4CB4-8D94-6325D8314A49}.Release|x86.ActiveCfg = Release|Any CPU
		{58F13D3E-82A3-4CB4-8D94-6325D8314A49}.Release|x86.Build.0 = Release|Any CPU
		{BE16905F-8A0A-40AF-A1F5-511E507CEA95}.Debug|Any CPU.ActiveCfg = Debug|Any CPU
		{BE16905F-8A0A-40AF-A1F5-511E507CEA95}.Debug|Any CPU.Build.0 = Debug|Any CPU
		{BE16905F-8A0A-40AF-A1F5-511E507CEA95}.Debug|x64.ActiveCfg = Debug|Any CPU
		{BE16905F-8A0A-40AF-A1F5-511E507CEA95}.Debug|x64.Build.0 = Debug|Any CPU
		{BE16905F-8A0A-40AF-A1F5-511E507CEA95}.Debug|x86.ActiveCfg = Debug|Any CPU
		{BE16905F-8A0A-40AF-A1F5-511E507CEA95}.Debug|x86.Build.0 = Debug|Any CPU
		{BE16905F-8A0A-40AF-A1F5-511E507CEA95}.Release|Any CPU.ActiveCfg = Release|Any CPU
		{BE16905F-8A0A-40AF-A1F5-511E507CEA95}.Release|Any CPU.Build.0 = Release|Any CPU
		{BE16905F-8A0A-40AF-A1F5-511E507CEA95}.Release|x64.ActiveCfg = Release|Any CPU
		{BE16905F-8A0A-40AF-A1F5-511E507CEA95}.Release|x64.Build.0 = Release|Any CPU
		{BE16905F-8A0A-40AF-A1F5-511E507CEA95}.Release|x86.ActiveCfg = Release|Any CPU
		{BE16905F-8A0A-40AF-A1F5-511E507CEA95}.Release|x86.Build.0 = Release|Any CPU
		{5FC9C003-F773-4DF4-9A83-8903F95535DA}.Debug|Any CPU.ActiveCfg = Debug|Any CPU
		{5FC9C003-F773-4DF4-9A83-8903F95535DA}.Debug|Any CPU.Build.0 = Debug|Any CPU
		{5FC9C003-F773-4DF4-9A83-8903F95535DA}.Debug|x64.ActiveCfg = Debug|Any CPU
		{5FC9C003-F773-4DF4-9A83-8903F95535DA}.Debug|x64.Build.0 = Debug|Any CPU
		{5FC9C003-F773-4DF4-9A83-8903F95535DA}.Debug|x86.ActiveCfg = Debug|Any CPU
		{5FC9C003-F773-4DF4-9A83-8903F95535DA}.Debug|x86.Build.0 = Debug|Any CPU
		{5FC9C003-F773-4DF4-9A83-8903F95535DA}.Release|Any CPU.ActiveCfg = Release|Any CPU
		{5FC9C003-F773-4DF4-9A83-8903F95535DA}.Release|Any CPU.Build.0 = Release|Any CPU
		{5FC9C003-F773-4DF4-9A83-8903F95535DA}.Release|x64.ActiveCfg = Release|Any CPU
		{5FC9C003-F773-4DF4-9A83-8903F95535DA}.Release|x64.Build.0 = Release|Any CPU
		{5FC9C003-F773-4DF4-9A83-8903F95535DA}.Release|x86.ActiveCfg = Release|Any CPU
		{5FC9C003-F773-4DF4-9A83-8903F95535DA}.Release|x86.Build.0 = Release|Any CPU
		{1A5F2916-2DF5-4D86-AE2A-914AF7677136}.Debug|Any CPU.ActiveCfg = Debug|Any CPU
		{1A5F2916-2DF5-4D86-AE2A-914AF7677136}.Debug|Any CPU.Build.0 = Debug|Any CPU
		{1A5F2916-2DF5-4D86-AE2A-914AF7677136}.Debug|x64.ActiveCfg = Debug|Any CPU
		{1A5F2916-2DF5-4D86-AE2A-914AF7677136}.Debug|x64.Build.0 = Debug|Any CPU
		{1A5F2916-2DF5-4D86-AE2A-914AF7677136}.Debug|x86.ActiveCfg = Debug|Any CPU
		{1A5F2916-2DF5-4D86-AE2A-914AF7677136}.Debug|x86.Build.0 = Debug|Any CPU
		{1A5F2916-2DF5-4D86-AE2A-914AF7677136}.Release|Any CPU.ActiveCfg = Release|Any CPU
		{1A5F2916-2DF5-4D86-AE2A-914AF7677136}.Release|Any CPU.Build.0 = Release|Any CPU
		{1A5F2916-2DF5-4D86-AE2A-914AF7677136}.Release|x64.ActiveCfg = Release|Any CPU
		{1A5F2916-2DF5-4D86-AE2A-914AF7677136}.Release|x64.Build.0 = Release|Any CPU
		{1A5F2916-2DF5-4D86-AE2A-914AF7677136}.Release|x86.ActiveCfg = Release|Any CPU
		{1A5F2916-2DF5-4D86-AE2A-914AF7677136}.Release|x86.Build.0 = Release|Any CPU
		{3BCEF277-A497-4D1A-BA34-2A00DDCF9731}.Debug|Any CPU.ActiveCfg = Debug|Any CPU
		{3BCEF277-A497-4D1A-BA34-2A00DDCF9731}.Debug|Any CPU.Build.0 = Debug|Any CPU
		{3BCEF277-A497-4D1A-BA34-2A00DDCF9731}.Debug|x64.ActiveCfg = Debug|Any CPU
		{3BCEF277-A497-4D1A-BA34-2A00DDCF9731}.Debug|x64.Build.0 = Debug|Any CPU
		{3BCEF277-A497-4D1A-BA34-2A00DDCF9731}.Debug|x86.ActiveCfg = Debug|Any CPU
		{3BCEF277-A497-4D1A-BA34-2A00DDCF9731}.Debug|x86.Build.0 = Debug|Any CPU
		{3BCEF277-A497-4D1A-BA34-2A00DDCF9731}.Release|Any CPU.ActiveCfg = Release|Any CPU
		{3BCEF277-A497-4D1A-BA34-2A00DDCF9731}.Release|Any CPU.Build.0 = Release|Any CPU
		{3BCEF277-A497-4D1A-BA34-2A00DDCF9731}.Release|x64.ActiveCfg = Release|Any CPU
		{3BCEF277-A497-4D1A-BA34-2A00DDCF9731}.Release|x64.Build.0 = Release|Any CPU
		{3BCEF277-A497-4D1A-BA34-2A00DDCF9731}.Release|x86.ActiveCfg = Release|Any CPU
		{3BCEF277-A497-4D1A-BA34-2A00DDCF9731}.Release|x86.Build.0 = Release|Any CPU
		{44A44D42-58AC-4E9F-897F-3B71B4DD4ED2}.Debug|Any CPU.ActiveCfg = Debug|Any CPU
		{44A44D42-58AC-4E9F-897F-3B71B4DD4ED2}.Debug|Any CPU.Build.0 = Debug|Any CPU
		{44A44D42-58AC-4E9F-897F-3B71B4DD4ED2}.Debug|x64.ActiveCfg = Debug|Any CPU
		{44A44D42-58AC-4E9F-897F-3B71B4DD4ED2}.Debug|x64.Build.0 = Debug|Any CPU
		{44A44D42-58AC-4E9F-897F-3B71B4DD4ED2}.Debug|x86.ActiveCfg = Debug|Any CPU
		{44A44D42-58AC-4E9F-897F-3B71B4DD4ED2}.Debug|x86.Build.0 = Debug|Any CPU
		{44A44D42-58AC-4E9F-897F-3B71B4DD4ED2}.Release|Any CPU.ActiveCfg = Release|Any CPU
		{44A44D42-58AC-4E9F-897F-3B71B4DD4ED2}.Release|Any CPU.Build.0 = Release|Any CPU
		{44A44D42-58AC-4E9F-897F-3B71B4DD4ED2}.Release|x64.ActiveCfg = Release|Any CPU
		{44A44D42-58AC-4E9F-897F-3B71B4DD4ED2}.Release|x64.Build.0 = Release|Any CPU
		{44A44D42-58AC-4E9F-897F-3B71B4DD4ED2}.Release|x86.ActiveCfg = Release|Any CPU
		{44A44D42-58AC-4E9F-897F-3B71B4DD4ED2}.Release|x86.Build.0 = Release|Any CPU
		{2F87BA7E-723F-40B1-9B3A-5525DA6ECC6C}.Debug|Any CPU.ActiveCfg = Debug|Any CPU
		{2F87BA7E-723F-40B1-9B3A-5525DA6ECC6C}.Debug|Any CPU.Build.0 = Debug|Any CPU
		{2F87BA7E-723F-40B1-9B3A-5525DA6ECC6C}.Debug|x64.ActiveCfg = Debug|Any CPU
		{2F87BA7E-723F-40B1-9B3A-5525DA6ECC6C}.Debug|x64.Build.0 = Debug|Any CPU
		{2F87BA7E-723F-40B1-9B3A-5525DA6ECC6C}.Debug|x86.ActiveCfg = Debug|Any CPU
		{2F87BA7E-723F-40B1-9B3A-5525DA6ECC6C}.Debug|x86.Build.0 = Debug|Any CPU
		{2F87BA7E-723F-40B1-9B3A-5525DA6ECC6C}.Release|Any CPU.ActiveCfg = Release|Any CPU
		{2F87BA7E-723F-40B1-9B3A-5525DA6ECC6C}.Release|Any CPU.Build.0 = Release|Any CPU
		{2F87BA7E-723F-40B1-9B3A-5525DA6ECC6C}.Release|x64.ActiveCfg = Release|Any CPU
		{2F87BA7E-723F-40B1-9B3A-5525DA6ECC6C}.Release|x64.Build.0 = Release|Any CPU
		{2F87BA7E-723F-40B1-9B3A-5525DA6ECC6C}.Release|x86.ActiveCfg = Release|Any CPU
		{2F87BA7E-723F-40B1-9B3A-5525DA6ECC6C}.Release|x86.Build.0 = Release|Any CPU
		{AB8A5309-2519-4CC3-85E9-73C7AA4FD588}.Debug|Any CPU.ActiveCfg = Debug|Any CPU
		{AB8A5309-2519-4CC3-85E9-73C7AA4FD588}.Debug|Any CPU.Build.0 = Debug|Any CPU
		{AB8A5309-2519-4CC3-85E9-73C7AA4FD588}.Debug|x64.ActiveCfg = Debug|Any CPU
		{AB8A5309-2519-4CC3-85E9-73C7AA4FD588}.Debug|x64.Build.0 = Debug|Any CPU
		{AB8A5309-2519-4CC3-85E9-73C7AA4FD588}.Debug|x86.ActiveCfg = Debug|Any CPU
		{AB8A5309-2519-4CC3-85E9-73C7AA4FD588}.Debug|x86.Build.0 = Debug|Any CPU
		{AB8A5309-2519-4CC3-85E9-73C7AA4FD588}.Release|Any CPU.ActiveCfg = Release|Any CPU
		{AB8A5309-2519-4CC3-85E9-73C7AA4FD588}.Release|Any CPU.Build.0 = Release|Any CPU
		{AB8A5309-2519-4CC3-85E9-73C7AA4FD588}.Release|x64.ActiveCfg = Release|Any CPU
		{AB8A5309-2519-4CC3-85E9-73C7AA4FD588}.Release|x64.Build.0 = Release|Any CPU
		{AB8A5309-2519-4CC3-85E9-73C7AA4FD588}.Release|x86.ActiveCfg = Release|Any CPU
		{AB8A5309-2519-4CC3-85E9-73C7AA4FD588}.Release|x86.Build.0 = Release|Any CPU
		{F7DADD16-869F-475C-AD00-FD1AB23E4641}.Debug|Any CPU.ActiveCfg = Debug|Any CPU
		{F7DADD16-869F-475C-AD00-FD1AB23E4641}.Debug|Any CPU.Build.0 = Debug|Any CPU
		{F7DADD16-869F-475C-AD00-FD1AB23E4641}.Debug|x64.ActiveCfg = Debug|Any CPU
		{F7DADD16-869F-475C-AD00-FD1AB23E4641}.Debug|x64.Build.0 = Debug|Any CPU
		{F7DADD16-869F-475C-AD00-FD1AB23E4641}.Debug|x86.ActiveCfg = Debug|Any CPU
		{F7DADD16-869F-475C-AD00-FD1AB23E4641}.Debug|x86.Build.0 = Debug|Any CPU
		{F7DADD16-869F-475C-AD00-FD1AB23E4641}.Release|Any CPU.ActiveCfg = Release|Any CPU
		{F7DADD16-869F-475C-AD00-FD1AB23E4641}.Release|Any CPU.Build.0 = Release|Any CPU
		{F7DADD16-869F-475C-AD00-FD1AB23E4641}.Release|x64.ActiveCfg = Release|Any CPU
		{F7DADD16-869F-475C-AD00-FD1AB23E4641}.Release|x64.Build.0 = Release|Any CPU
		{F7DADD16-869F-475C-AD00-FD1AB23E4641}.Release|x86.ActiveCfg = Release|Any CPU
		{F7DADD16-869F-475C-AD00-FD1AB23E4641}.Release|x86.Build.0 = Release|Any CPU
		{7608DD8A-FB6E-4E47-89B7-74455764DD3E}.Debug|Any CPU.ActiveCfg = Debug|Any CPU
		{7608DD8A-FB6E-4E47-89B7-74455764DD3E}.Debug|Any CPU.Build.0 = Debug|Any CPU
		{7608DD8A-FB6E-4E47-89B7-74455764DD3E}.Debug|x64.ActiveCfg = Debug|Any CPU
		{7608DD8A-FB6E-4E47-89B7-74455764DD3E}.Debug|x64.Build.0 = Debug|Any CPU
		{7608DD8A-FB6E-4E47-89B7-74455764DD3E}.Debug|x86.ActiveCfg = Debug|Any CPU
		{7608DD8A-FB6E-4E47-89B7-74455764DD3E}.Debug|x86.Build.0 = Debug|Any CPU
		{7608DD8A-FB6E-4E47-89B7-74455764DD3E}.Release|Any CPU.ActiveCfg = Release|Any CPU
		{7608DD8A-FB6E-4E47-89B7-74455764DD3E}.Release|Any CPU.Build.0 = Release|Any CPU
		{7608DD8A-FB6E-4E47-89B7-74455764DD3E}.Release|x64.ActiveCfg = Release|Any CPU
		{7608DD8A-FB6E-4E47-89B7-74455764DD3E}.Release|x64.Build.0 = Release|Any CPU
		{7608DD8A-FB6E-4E47-89B7-74455764DD3E}.Release|x86.ActiveCfg = Release|Any CPU
		{7608DD8A-FB6E-4E47-89B7-74455764DD3E}.Release|x86.Build.0 = Release|Any CPU
		{CA0C4DC4-C935-4F2E-A921-F43C4C5C776C}.Debug|Any CPU.ActiveCfg = Debug|Any CPU
		{CA0C4DC4-C935-4F2E-A921-F43C4C5C776C}.Debug|Any CPU.Build.0 = Debug|Any CPU
		{CA0C4DC4-C935-4F2E-A921-F43C4C5C776C}.Debug|x64.ActiveCfg = Debug|Any CPU
		{CA0C4DC4-C935-4F2E-A921-F43C4C5C776C}.Debug|x64.Build.0 = Debug|Any CPU
		{CA0C4DC4-C935-4F2E-A921-F43C4C5C776C}.Debug|x86.ActiveCfg = Debug|Any CPU
		{CA0C4DC4-C935-4F2E-A921-F43C4C5C776C}.Debug|x86.Build.0 = Debug|Any CPU
		{CA0C4DC4-C935-4F2E-A921-F43C4C5C776C}.Release|Any CPU.ActiveCfg = Release|Any CPU
		{CA0C4DC4-C935-4F2E-A921-F43C4C5C776C}.Release|Any CPU.Build.0 = Release|Any CPU
		{CA0C4DC4-C935-4F2E-A921-F43C4C5C776C}.Release|x64.ActiveCfg = Release|Any CPU
		{CA0C4DC4-C935-4F2E-A921-F43C4C5C776C}.Release|x64.Build.0 = Release|Any CPU
		{CA0C4DC4-C935-4F2E-A921-F43C4C5C776C}.Release|x86.ActiveCfg = Release|Any CPU
		{CA0C4DC4-C935-4F2E-A921-F43C4C5C776C}.Release|x86.Build.0 = Release|Any CPU
		{D6C4991F-947D-4D97-823E-3C8181F3D153}.Debug|Any CPU.ActiveCfg = Debug|Any CPU
		{D6C4991F-947D-4D97-823E-3C8181F3D153}.Debug|Any CPU.Build.0 = Debug|Any CPU
		{D6C4991F-947D-4D97-823E-3C8181F3D153}.Debug|x64.ActiveCfg = Debug|Any CPU
		{D6C4991F-947D-4D97-823E-3C8181F3D153}.Debug|x64.Build.0 = Debug|Any CPU
		{D6C4991F-947D-4D97-823E-3C8181F3D153}.Debug|x86.ActiveCfg = Debug|Any CPU
		{D6C4991F-947D-4D97-823E-3C8181F3D153}.Debug|x86.Build.0 = Debug|Any CPU
		{D6C4991F-947D-4D97-823E-3C8181F3D153}.Release|Any CPU.ActiveCfg = Release|Any CPU
		{D6C4991F-947D-4D97-823E-3C8181F3D153}.Release|Any CPU.Build.0 = Release|Any CPU
		{D6C4991F-947D-4D97-823E-3C8181F3D153}.Release|x64.ActiveCfg = Release|Any CPU
		{D6C4991F-947D-4D97-823E-3C8181F3D153}.Release|x64.Build.0 = Release|Any CPU
		{D6C4991F-947D-4D97-823E-3C8181F3D153}.Release|x86.ActiveCfg = Release|Any CPU
		{D6C4991F-947D-4D97-823E-3C8181F3D153}.Release|x86.Build.0 = Release|Any CPU
		{CB2D994A-16D0-4905-A1B7-2DE53E4287A8}.Debug|Any CPU.ActiveCfg = Debug|Any CPU
		{CB2D994A-16D0-4905-A1B7-2DE53E4287A8}.Debug|Any CPU.Build.0 = Debug|Any CPU
		{CB2D994A-16D0-4905-A1B7-2DE53E4287A8}.Debug|x64.ActiveCfg = Debug|Any CPU
		{CB2D994A-16D0-4905-A1B7-2DE53E4287A8}.Debug|x64.Build.0 = Debug|Any CPU
		{CB2D994A-16D0-4905-A1B7-2DE53E4287A8}.Debug|x86.ActiveCfg = Debug|Any CPU
		{CB2D994A-16D0-4905-A1B7-2DE53E4287A8}.Debug|x86.Build.0 = Debug|Any CPU
		{CB2D994A-16D0-4905-A1B7-2DE53E4287A8}.Release|Any CPU.ActiveCfg = Release|Any CPU
		{CB2D994A-16D0-4905-A1B7-2DE53E4287A8}.Release|Any CPU.Build.0 = Release|Any CPU
		{CB2D994A-16D0-4905-A1B7-2DE53E4287A8}.Release|x64.ActiveCfg = Release|Any CPU
		{CB2D994A-16D0-4905-A1B7-2DE53E4287A8}.Release|x64.Build.0 = Release|Any CPU
		{CB2D994A-16D0-4905-A1B7-2DE53E4287A8}.Release|x86.ActiveCfg = Release|Any CPU
		{CB2D994A-16D0-4905-A1B7-2DE53E4287A8}.Release|x86.Build.0 = Release|Any CPU
	EndGlobalSection
	GlobalSection(SolutionProperties) = preSolution
		HideSolutionNode = FALSE
	EndGlobalSection
	GlobalSection(NestedProjects) = preSolution
		{C50B744F-8987-4AC3-BC35-8DE5E1704D57} = {F722669A-EB29-4464-8B1D-F8A4DE3CD317}
		{965C7650-C43E-4BAA-95EA-D3720B0BDA53} = {F722669A-EB29-4464-8B1D-F8A4DE3CD317}
		{58F13D3E-82A3-4CB4-8D94-6325D8314A49} = {965C7650-C43E-4BAA-95EA-D3720B0BDA53}
		{BE16905F-8A0A-40AF-A1F5-511E507CEA95} = {965C7650-C43E-4BAA-95EA-D3720B0BDA53}
		{5FC9C003-F773-4DF4-9A83-8903F95535DA} = {15E6090D-90AA-4BC5-8882-1286E42B5D86}
		{1A5F2916-2DF5-4D86-AE2A-914AF7677136} = {C64D1E5D-0223-4A15-97C7-80EB50271400}
		{3BCEF277-A497-4D1A-BA34-2A00DDCF9731} = {C64D1E5D-0223-4A15-97C7-80EB50271400}
		{44A44D42-58AC-4E9F-897F-3B71B4DD4ED2} = {C64D1E5D-0223-4A15-97C7-80EB50271400}
		{2F87BA7E-723F-40B1-9B3A-5525DA6ECC6C} = {C64D1E5D-0223-4A15-97C7-80EB50271400}
		{6C32D82C-D4EA-4A8F-BBCA-E7F2D812DDE5} = {C64D1E5D-0223-4A15-97C7-80EB50271400}
		{AB8A5309-2519-4CC3-85E9-73C7AA4FD588} = {6C32D82C-D4EA-4A8F-BBCA-E7F2D812DDE5}
		{F7DADD16-869F-475C-AD00-FD1AB23E4641} = {6C32D82C-D4EA-4A8F-BBCA-E7F2D812DDE5}
		{7608DD8A-FB6E-4E47-89B7-74455764DD3E} = {6C32D82C-D4EA-4A8F-BBCA-E7F2D812DDE5}
		{CA0C4DC4-C935-4F2E-A921-F43C4C5C776C} = {A7BD686B-FCAE-4C99-8B47-76A8F2651704}
		{D6C4991F-947D-4D97-823E-3C8181F3D153} = {15E6090D-90AA-4BC5-8882-1286E42B5D86}
		{CB2D994A-16D0-4905-A1B7-2DE53E4287A8} = {A7BD686B-FCAE-4C99-8B47-76A8F2651704}
	EndGlobalSection
	GlobalSection(ExtensibilityGlobals) = postSolution
		SolutionGuid = {D37E226E-7C82-464D-A5A6-4A4928AC6A25}
	EndGlobalSection
EndGlobal
